[ "amrita": {:git, "git://github.com/josephwilk/amrita.git", "7570eb766fa0506e4c08d241f5359dff9135f961", []},
  "amritta": {:git, "git://github.com/josephwilk/amrita.git", "7570eb766fa0506e4c08d241f5359dff9135f961", []},
  "ecto": {:git, "git://github.com/elixir-lang/ecto.git", "30d97e77e7c4757d6c23978fc313d2b340f12018", []},
  "jsex": {:git, "git://github.com/talentdeficit/jsex.git", "c9df36f07b2089a73ab6b32074c01728f1e5a2e1", []},
  "jsx": {:git, "git://github.com/talentdeficit/jsx.git", "e50af6e109cb03bd26acf715cbc77de746507d1d", [{:tag, "v1.4.3"}]},
  "meck": {:git, "git://github.com/eproxus/meck.git", "62265e4a89297b3415502351a35082933225d1af", [{:branch, "develop"}]},
  "mock": {:git, "git://github.com/jjh42/mock.git", "e54a8f8ac3b69b5a610399f7fb5efe65446526eb", []},
  "poolboy": {:git, "git://github.com/devinus/poolboy.git", "c2c939b51aba06790ca51fa78b14c254a6ea977d", []},
  "postgrex": {:git, "git://github.com/ericmj/postgrex.git", "73778e19ce08877f4fe713329a3dbc99ca5e2056", []} ]
